
Microsoft Visual Studio Solution File, Format Version 12.00
# Visual Studio Version 17
VisualStudioVersion = 17.7.34202.233
MinimumVisualStudioVersion = 10.0.40219.1
Project("{FAE04EC0-301F-11D3-BF4B-00C04F79EFBC}") = "TalabtG08.APIs", "TalabtG08.APIs\TalabtG08.APIs.csproj", "{91C798CD-FD0C-42F8-9148-E39F951D3F9B}"
EndProject
Project("{FAE04EC0-301F-11D3-BF4B-00C04F79EFBC}") = "TalabatG08.Core", "talabatG08.Core\TalabatG08.Core.csproj", "{D3B11377-EF4A-4883-B144-58418E0C8C2A}"
EndProject
Project("{FAE04EC0-301F-11D3-BF4B-00C04F79EFBC}") = "TalabatG08.Repository", "TalabatG08.Repository\TalabatG08.Repository.csproj", "{978C195B-7019-41A3-8494-F8489F617DE2}"
EndProject
Project("{FAE04EC0-301F-11D3-BF4B-00C04F79EFBC}") = "TalabatG08.Service", "TalabatG08.Service\TalabatG08.Service.csproj", "{DC23CA61-FD2A-4FE7-A37E-6DBE38D051EA}"
EndProject
Global
	GlobalSection(SolutionConfigurationPlatforms) = preSolution
		Debug|Any CPU = Debug|Any CPU
		Release|Any CPU = Release|Any CPU
	EndGlobalSection
	GlobalSection(ProjectConfigurationPlatforms) = postSolution
		{91C798CD-FD0C-42F8-9148-E39F951D3F9B}.Debug|Any CPU.ActiveCfg = Debug|Any CPU
		{91C798CD-FD0C-42F8-9148-E39F951D3F9B}.Debug|Any CPU.Build.0 = Debug|Any CPU
		{91C798CD-FD0C-42F8-9148-E39F951D3F9B}.Release|Any CPU.ActiveCfg = Release|Any CPU
		{91C798CD-FD0C-42F8-9148-E39F951D3F9B}.Release|Any CPU.Build.0 = Release|Any CPU
		{D3B11377-EF4A-4883-B144-58418E0C8C2A}.Debug|Any CPU.ActiveCfg = Debug|Any CPU
		{D3B11377-EF4A-4883-B144-58418E0C8C2A}.Debug|Any CPU.Build.0 = Debug|Any CPU
		{D3B11377-EF4A-4883-B144-58418E0C8C2A}.Release|Any CPU.ActiveCfg = Release|Any CPU
		{D3B11377-EF4A-4883-B144-58418E0C8C2A}.Release|Any CPU.Build.0 = Release|Any CPU
		{978C195B-7019-41A3-8494-F8489F617DE2}.Debug|Any CPU.ActiveCfg = Debug|Any CPU
		{978C195B-7019-41A3-8494-F8489F617DE2}.Debug|Any CPU.Build.0 = Debug|Any CPU
		{978C195B-7019-41A3-8494-F8489F617DE2}.Release|Any CPU.ActiveCfg = Release|Any CPU
		{978C195B-7019-41A3-8494-F8489F617DE2}.Release|Any CPU.Build.0 = Release|Any CPU
		{DC23CA61-FD2A-4FE7-A37E-6DBE38D051EA}.Debug|Any CPU.ActiveCfg = Debug|Any CPU
		{DC23CA61-FD2A-4FE7-A37E-6DBE38D051EA}.Debug|Any CPU.Build.0 = Debug|Any CPU
		{DC23CA61-FD2A-4FE7-A37E-6DBE38D051EA}.Release|Any CPU.ActiveCfg = Release|Any CPU
		{DC23CA61-FD2A-4FE7-A37E-6DBE38D051EA}.Release|Any CPU.Build.0 = Release|Any CPU
	EndGlobalSection
	GlobalSection(SolutionProperties) = preSolution
		HideSolutionNode = FALSE
	EndGlobalSection
	GlobalSection(ExtensibilityGlobals) = postSolution
		SolutionGuid = {21129E6A-170A-47C9-AC2D-0C3EFA1A416C}
	EndGlobalSection
EndGlobal
